PODS:
  - BlogEasy (0.1.0):
    - Kingfisher
  - Kingfisher (7.5.0)

DEPENDENCIES:
  - BlogEasy (from `../`)

SPEC REPOS:
  trunk:
    - Kingfisher

EXTERNAL SOURCES:
  BlogEasy:
    :path: "../"

SPEC CHECKSUMS:
  BlogEasy: fd31ebbc2cb5a7fc733fd513988b0a5e32d4764f
  Kingfisher: b9c2a4a4af2990a768445c277359b27bde287d71

PODFILE CHECKSUM: a7e5443c05b48b4f450d19f53147f72dfb86a9f7

COCOAPODS: 1.11.3
